// !$*UTF8*$!
{
	archiveVersion = 1;
	classes = {
	};
	objectVersion = 50;
	objects = {

/* Begin PBXBuildFile section */
		2A2D5807225B9AFD00809B50 /* AppDelegate.swift in Sources */ = {isa = PBXBuildFile; fileRef = 2A2D5806225B9AFD00809B50 /* AppDelegate.swift */; };
		2A2D580E225B9AFF00809B50 /* Assets.xcassets in Resources */ = {isa = PBXBuildFile; fileRef = 2A2D580D225B9AFF00809B50 /* Assets.xcassets */; };
		2A2D5811225B9AFF00809B50 /* LaunchScreen.storyboard in Resources */ = {isa = PBXBuildFile; fileRef = 2A2D580F225B9AFF00809B50 /* LaunchScreen.storyboard */; };
		2A2D581B225BBA1C00809B50 /* MainViewController.swift in Sources */ = {isa = PBXBuildFile; fileRef = 2A2D5819225BBA1C00809B50 /* MainViewController.swift */; };
		2A2D581C225BBA1C00809B50 /* MainViewController.xib in Resources */ = {isa = PBXBuildFile; fileRef = 2A2D581A225BBA1C00809B50 /* MainViewController.xib */; };
		2A2F8219225BC024003536A7 /* CryptoViewController.swift in Sources */ = {isa = PBXBuildFile; fileRef = 2A2F8217225BC024003536A7 /* CryptoViewController.swift */; };
		2A2F821A225BC024003536A7 /* CryptoViewController.xib in Resources */ = {isa = PBXBuildFile; fileRef = 2A2F8218225BC024003536A7 /* CryptoViewController.xib */; };
		A9BCC391F24D68FDC053E206 /* Pods_Introduction_to_Native_iOS_Development.framework in Frameworks */ = {isa = PBXBuildFile; fileRef = 1825793795AB995C72522D63 /* Pods_Introduction_to_Native_iOS_Development.framework */; };
/* End PBXBuildFile section */

/* Begin PBXFileReference section */
		1825793795AB995C72522D63 /* Pods_Introduction_to_Native_iOS_Development.framework */ = {isa = PBXFileReference; explicitFileType = wrapper.framework; includeInIndex = 0; path = Pods_Introduction_to_Native_iOS_Development.framework; sourceTree = BUILT_PRODUCTS_DIR; };
		2A2D5803225B9AFD00809B50 /* Introduction to Native iOS Development.app */ = {isa = PBXFileReference; explicitFileType = wrapper.application; includeInIndex = 0; path = "Introduction to Native iOS Development.app"; sourceTree = BUILT_PRODUCTS_DIR; };
		2A2D5806225B9AFD00809B50 /* AppDelegate.swift */ = {isa = PBXFileReference; lastKnownFileType = sourcecode.swift; path = AppDelegate.swift; sourceTree = "<group>"; };
		2A2D580D225B9AFF00809B50 /* Assets.xcassets */ = {isa = PBXFileReference; lastKnownFileType = folder.assetcatalog; path = Assets.xcassets; sourceTree = "<group>"; };
		2A2D5810225B9AFF00809B50 /* Base */ = {isa = PBXFileReference; lastKnownFileType = file.storyboard; name = Base; path = Base.lproj/LaunchScreen.storyboard; sourceTree = "<group>"; };
		2A2D5812225B9AFF00809B50 /* Info.plist */ = {isa = PBXFileReference; lastKnownFileType = text.plist.xml; path = Info.plist; sourceTree = "<group>"; };
		2A2D5819225BBA1C00809B50 /* MainViewController.swift */ = {isa = PBXFileReference; lastKnownFileType = sourcecode.swift; path = MainViewController.swift; sourceTree = "<group>"; };
		2A2D581A225BBA1C00809B50 /* MainViewController.xib */ = {isa = PBXFileReference; lastKnownFileType = file.xib; path = MainViewController.xib; sourceTree = "<group>"; };
		2A2F8217225BC024003536A7 /* CryptoViewController.swift */ = {isa = PBXFileReference; lastKnownFileType = sourcecode.swift; path = CryptoViewController.swift; sourceTree = "<group>"; };
		2A2F8218225BC024003536A7 /* CryptoViewController.xib */ = {isa = PBXFileReference; lastKnownFileType = file.xib; path = CryptoViewController.xib; sourceTree = "<group>"; };
		6FD83095CD82D3D9ED4A4605 /* Pods-Introduction to Native iOS Development.release.xcconfig */ = {isa = PBXFileReference; includeInIndex = 1; lastKnownFileType = text.xcconfig; name = "Pods-Introduction to Native iOS Development.release.xcconfig"; path = "Target Support Files/Pods-Introduction to Native iOS Development/Pods-Introduction to Native iOS Development.release.xcconfig"; sourceTree = "<group>"; };
		AAD68151796D3EEEC1087860 /* Pods-Introduction to Native iOS Development.debug.xcconfig */ = {isa = PBXFileReference; includeInIndex = 1; lastKnownFileType = text.xcconfig; name = "Pods-Introduction to Native iOS Development.debug.xcconfig"; path = "Target Support Files/Pods-Introduction to Native iOS Development/Pods-Introduction to Native iOS Development.debug.xcconfig"; sourceTree = "<group>"; };
/* End PBXFileReference section */

/* Begin PBXFrameworksBuildPhase section */
		2A2D5800225B9AFD00809B50 /* Frameworks */ = {
			isa = PBXFrameworksBuildPhase;
			buildActionMask = 2147483647;
			files = (
				A9BCC391F24D68FDC053E206 /* Pods_Introduction_to_Native_iOS_Development.framework in Frameworks */,
			);
			runOnlyForDeploymentPostprocessing = 0;
		};
/* End PBXFrameworksBuildPhase section */

/* Begin PBXGroup section */
		07145565717BFE89CF1A050E /* Frameworks */ = {
			isa = PBXGroup;
			children = (
				1825793795AB995C72522D63 /* Pods_Introduction_to_Native_iOS_Development.framework */,
			);
			name = Frameworks;
			sourceTree = "<group>";
		};
		2A2D57FA225B9AFD00809B50 = {
			isa = PBXGroup;
			children = (
				2A2D5805225B9AFD00809B50 /* Introduction to Native iOS Development */,
				2A2D5804225B9AFD00809B50 /* Products */,
				C3B8708B9C7ED585CA8935DD /* Pods */,
				07145565717BFE89CF1A050E /* Frameworks */,
			);
			sourceTree = "<group>";
		};
		2A2D5804225B9AFD00809B50 /* Products */ = {
			isa = PBXGroup;
			children = (
				2A2D5803225B9AFD00809B50 /* Introduction to Native iOS Development.app */,
			);
			name = Products;
			sourceTree = "<group>";
		};
		2A2D5805225B9AFD00809B50 /* Introduction to Native iOS Development */ = {
			isa = PBXGroup;
			children = (
				2A2D5818225BB9FC00809B50 /* ViewController */,
				2A2D5806225B9AFD00809B50 /* AppDelegate.swift */,
				2A2D580D225B9AFF00809B50 /* Assets.xcassets */,
				2A2D580F225B9AFF00809B50 /* LaunchScreen.storyboard */,
				2A2D5812225B9AFF00809B50 /* Info.plist */,
			);
			path = "Introduction to Native iOS Development";
			sourceTree = "<group>";
		};
		2A2D5818225BB9FC00809B50 /* ViewController */ = {
			isa = PBXGroup;
			children = (
				2A2D5819225BBA1C00809B50 /* MainViewController.swift */,
				2A2D581A225BBA1C00809B50 /* MainViewController.xib */,
				2A2F8217225BC024003536A7 /* CryptoViewController.swift */,
				2A2F8218225BC024003536A7 /* CryptoViewController.xib */,
			);
			path = ViewController;
			sourceTree = "<group>";
		};
		C3B8708B9C7ED585CA8935DD /* Pods */ = {
			isa = PBXGroup;
			children = (
				AAD68151796D3EEEC1087860 /* Pods-Introduction to Native iOS Development.debug.xcconfig */,
				6FD83095CD82D3D9ED4A4605 /* Pods-Introduction to Native iOS Development.release.xcconfig */,
			);
			name = Pods;
			path = Pods;
			sourceTree = "<group>";
		};
/* End PBXGroup section */

/* Begin PBXNativeTarget section */
		2A2D5802225B9AFD00809B50 /* Introduction to Native iOS Development */ = {
			isa = PBXNativeTarget;
			buildConfigurationList = 2A2D5815225B9AFF00809B50 /* Build configuration list for PBXNativeTarget "Introduction to Native iOS Development" */;
			buildPhases = (
				0404A57041EF154678D4D955 /* [CP] Check Pods Manifest.lock */,
				2A2D57FF225B9AFD00809B50 /* Sources */,
				2A2D5800225B9AFD00809B50 /* Frameworks */,
				2A2D5801225B9AFD00809B50 /* Resources */,
				8E452AFBBB9F5B3FF35905D4 /* [CP] Embed Pods Frameworks */,
			);
			buildRules = (
			);
			dependencies = (
			);
			name = "Introduction to Native iOS Development";
			productName = "Introduction to Native iOS Development";
			productReference = 2A2D5803225B9AFD00809B50 /* Introduction to Native iOS Development.app */;
			productType = "com.apple.product-type.application";
		};
/* End PBXNativeTarget section */

/* Begin PBXProject section */
		2A2D57FB225B9AFD00809B50 /* Project object */ = {
			isa = PBXProject;
			attributes = {
				LastSwiftUpdateCheck = 1010;
				LastUpgradeCheck = 1010;
				ORGANIZATIONNAME = "Sandro Machado";
				TargetAttributes = {
					2A2D5802225B9AFD00809B50 = {
						CreatedOnToolsVersion = 10.1;
					};
				};
			};
			buildConfigurationList = 2A2D57FE225B9AFD00809B50 /* Build configuration list for PBXProject "Introduction to Native iOS Development" */;
			compatibilityVersion = "Xcode 9.3";
			developmentRegion = en;
			hasScannedForEncodings = 0;
			knownRegions = (
				en,
				Base,
			);
			mainGroup = 2A2D57FA225B9AFD00809B50;
			productRefGroup = 2A2D5804225B9AFD00809B50 /* Products */;
			projectDirPath = "";
			projectRoot = "";
			targets = (
				2A2D5802225B9AFD00809B50 /* Introduction to Native iOS Development */,
			);
		};
/* End PBXProject section */

/* Begin PBXResourcesBuildPhase section */
		2A2D5801225B9AFD00809B50 /* Resources */ = {
			isa = PBXResourcesBuildPhase;
			buildActionMask = 2147483647;
			files = (
				2A2D5811225B9AFF00809B50 /* LaunchScreen.storyboard in Resources */,
				2A2F821A225BC024003536A7 /* CryptoViewController.xib in Resources */,
				2A2D581C225BBA1C00809B50 /* MainViewController.xib in Resources */,
				2A2D580E225B9AFF00809B50 /* Assets.xcassets in Resources */,
			);
			runOnlyForDeploymentPostprocessing = 0;
		};
/* End PBXResourcesBuildPhase section */

/* Begin PBXShellScriptBuildPhase section */
		0404A57041EF154678D4D955 /* [CP] Check Pods Manifest.lock */ = {
			isa = PBXShellScriptBuildPhase;
			buildActionMask = 2147483647;
			files = (
			);
			inputFileListPaths = (
			);
			inputPaths = (
				"${PODS_PODFILE_DIR_PATH}/Podfile.lock",
				"${PODS_ROOT}/Manifest.lock",
			);
			name = "[CP] Check Pods Manifest.lock";
			outputFileListPaths = (
			);
			outputPaths = (
				"$(DERIVED_FILE_DIR)/Pods-Introduction to Native iOS Development-checkManifestLockResult.txt",
			);
			runOnlyForDeploymentPostprocessing = 0;
			shellPath = /bin/sh;
			shellScript = "diff \"${PODS_PODFILE_DIR_PATH}/Podfile.lock\" \"${PODS_ROOT}/Manifest.lock\" > /dev/null\nif [ $? != 0 ] ; then\n    # print error to STDERR\n    echo \"error: The sandbox is not in sync with the Podfile.lock. Run 'pod install' or update your CocoaPods installation.\" >&2\n    exit 1\nfi\n# This output is used by Xcode 'outputs' to avoid re-running this script phase.\necho \"SUCCESS\" > \"${SCRIPT_OUTPUT_FILE_0}\"\n";
			showEnvVarsInLog = 0;
		};
		8E452AFBBB9F5B3FF35905D4 /* [CP] Embed Pods Frameworks */ = {
			isa = PBXShellScriptBuildPhase;
			buildActionMask = 2147483647;
			files = (
			);
			inputFileListPaths = (
			);
			inputPaths = (
				"${PODS_ROOT}/Target Support Files/Pods-Introduction to Native iOS Development/Pods-Introduction to Native iOS Development-frameworks.sh",
				"${BUILT_PRODUCTS_DIR}/Alamofire/Alamofire.framework",
			);
			name = "[CP] Embed Pods Frameworks";
			outputFileListPaths = (
			);
			outputPaths = (
				"${TARGET_BUILD_DIR}/${FRAMEWORKS_FOLDER_PATH}/Alamofire.framework",
			);
			runOnlyForDeploymentPostprocessing = 0;
			shellPath = /bin/sh;
			shellScript = "\"${PODS_ROOT}/Target Support Files/Pods-Introduction to Native iOS Development/Pods-Introduction to Native iOS Development-frameworks.sh\"\n";
			showEnvVarsInLog = 0;
		};
/* End PBXShellScriptBuildPhase section */

/* Begin PBXSourcesBuildPhase section */
		2A2D57FF225B9AFD00809B50 /* Sources */ = {
			isa = PBXSourcesBuildPhase;
			buildActionMask = 2147483647;
			files = (
				2A2D5807225B9AFD00809B50 /* AppDelegate.swift in Sources */,
				2A2D581B225BBA1C00809B50 /* MainViewController.swift in Sources */,
				2A2F8219225BC024003536A7 /* CryptoViewController.swift in Sources */,
			);
			runOnlyForDeploymentPostprocessing = 0;
		};
/* End PBXSourcesBuildPhase section */

/* Begin PBXVariantGroup section */
		2A2D580F225B9AFF00809B50 /* LaunchScreen.storyboard */ = {
			isa = PBXVariantGroup;
			children = (
				2A2D5810225B9AFF00809B50 /* Base */,
			);
			name = LaunchScreen.storyboard;
			sourceTree = "<group>";
		};
/* End PBXVariantGroup section */

/* Begin XCBuildConfiguration section */
		2A2D5813225B9AFF00809B50 /* Debug */ = {
			isa = XCBuildConfiguration;
			buildSettings = {
				ALWAYS_SEARCH_USER_PATHS = NO;
				CLANG_ANALYZER_NONNULL = YES;
				CLANG_ANALYZER_NUMBER_OBJECT_CONVERSION = YES_AGGRESSIVE;
				CLANG_CXX_LANGUAGE_STANDARD = "gnu++14";
				CLANG_CXX_LIBRARY = "libc++";
				CLANG_ENABLE_MODULES = YES;
				CLANG_ENABLE_OBJC_ARC = YES;
				CLANG_ENABLE_OBJC_WEAK = YES;
				CLANG_WARN_BLOCK_CAPTURE_AUTORELEASING = YES;
				CLANG_WARN_BOOL_CONVERSION = YES;
				CLANG_WARN_COMMA = YES;
				CLANG_WARN_CONSTANT_CONVERSION = YES;
				CLANG_WARN_DEPRECATED_OBJC_IMPLEMENTATIONS = YES;
				CLANG_WARN_DIRECT_OBJC_ISA_USAGE = YES_ERROR;
				CLANG_WARN_DOCUMENTATION_COMMENTS = YES;
				CLANG_WARN_EMPTY_BODY = YES;
				CLANG_WARN_ENUM_CONVERSION = YES;
				CLANG_WARN_INFINITE_RECURSION = YES;
				CLANG_WARN_INT_CONVERSION = YES;
				CLANG_WARN_NON_LITERAL_NULL_CONVERSION = YES;
				CLANG_WARN_OBJC_IMPLICIT_RETAIN_SELF = YES;
				CLANG_WARN_OBJC_LITERAL_CONVERSION = YES;
				CLANG_WARN_OBJC_ROOT_CLASS = YES_ERROR;
				CLANG_WARN_RANGE_LOOP_ANALYSIS = YES;
				CLANG_WARN_STRICT_PROTOTYPES = YES;
				CLANG_WARN_SUSPICIOUS_MOVE = YES;
				CLANG_WARN_UNGUARDED_AVAILABILITY = YES_AGGRESSIVE;
				CLANG_WARN_UNREACHABLE_CODE = YES;
				CLANG_WARN__DUPLICATE_METHOD_MATCH = YES;
				CODE_SIGN_IDENTITY = "iPhone Developer";
				COPY_PHASE_STRIP = NO;
				DEBUG_INFORMATION_FORMAT = dwarf;
				ENABLE_STRICT_OBJC_MSGSEND = YES;
				ENABLE_TESTABILITY = YES;
				GCC_C_LANGUAGE_STANDARD = gnu11;
				GCC_DYNAMIC_NO_PIC = NO;
				GCC_NO_COMMON_BLOCKS = YES;
				GCC_OPTIMIZATION_LEVEL = 0;
				GCC_PREPROCESSOR_DEFINITIONS = (
					"DEBUG=1",
					"$(inherited)",
				);
				GCC_WARN_64_TO_32_BIT_CONVERSION = YES;
				GCC_WARN_ABOUT_RETURN_TYPE = YES_ERROR;
				GCC_WARN_UNDECLARED_SELECTOR = YES;
				GCC_WARN_UNINITIALIZED_AUTOS = YES_AGGRESSIVE;
				GCC_WARN_UNUSED_FUNCTION = YES;
				GCC_WARN_UNUSED_VARIABLE = YES;
				IPHONEOS_DEPLOYMENT_TARGET = 12.1;
				MTL_ENABLE_DEBUG_INFO = INCLUDE_SOURCE;
				MTL_FAST_MATH = YES;
				ONLY_ACTIVE_ARCH = YES;
				SDKROOT = iphoneos;
				SWIFT_ACTIVE_COMPILATION_CONDITIONS = DEBUG;
				SWIFT_OPTIMIZATION_LEVEL = "-Onone";
			};
			name = Debug;
		};
		2A2D5814225B9AFF00809B50 /* Release */ = {
			isa = XCBuildConfiguration;
			buildSettings = {
				ALWAYS_SEARCH_USER_PATHS = NO;
				CLANG_ANALYZER_NONNULL = YES;
				CLANG_ANALYZER_NUMBER_OBJECT_CONVERSION = YES_AGGRESSIVE;
				CLANG_CXX_LANGUAGE_STANDARD = "gnu++14";
				CLANG_CXX_LIBRARY = "libc++";
				CLANG_ENABLE_MODULES = YES;
				CLANG_ENABLE_OBJC_ARC = YES;
				CLANG_ENABLE_OBJC_WEAK = YES;
				CLANG_WARN_BLOCK_CAPTURE_AUTORELEASING = YES;
				CLANG_WARN_BOOL_CONVERSION = YES;
				CLANG_WARN_COMMA = YES;
				CLANG_WARN_CONSTANT_CONVERSION = YES;
				CLANG_WARN_DEPRECATED_OBJC_IMPLEMENTATIONS = YES;
				CLANG_WARN_DIRECT_OBJC_ISA_USAGE = YES_ERROR;
				CLANG_WARN_DOCUMENTATION_COMMENTS = YES;
				CLANG_WARN_EMPTY_BODY = YES;
				CLANG_WARN_ENUM_CONVERSION = YES;
				CLANG_WARN_INFINITE_RECURSION = YES;
				CLANG_WARN_INT_CONVERSION = YES;
				CLANG_WARN_NON_LITERAL_NULL_CONVERSION = YES;
				CLANG_WARN_OBJC_IMPLICIT_RETAIN_SELF = YES;
				CLANG_WARN_OBJC_LITERAL_CONVERSION = YES;
				CLANG_WARN_OBJC_ROOT_CLASS = YES_ERROR;
				CLANG_WARN_RANGE_LOOP_ANALYSIS = YES;
				CLANG_WARN_STRICT_PROTOTYPES = YES;
				CLANG_WARN_SUSPICIOUS_MOVE = YES;
				CLANG_WARN_UNGUARDED_AVAILABILITY = YES_AGGRESSIVE;
				CLANG_WARN_UNREACHABLE_CODE = YES;
				CLANG_WARN__DUPLICATE_METHOD_MATCH = YES;
				CODE_SIGN_IDENTITY = "iPhone Developer";
				COPY_PHASE_STRIP = NO;
				DEBUG_INFORMATION_FORMAT = "dwarf-with-dsym";
				ENABLE_NS_ASSERTIONS = NO;
				ENABLE_STRICT_OBJC_MSGSEND = YES;
				GCC_C_LANGUAGE_STANDARD = gnu11;
				GCC_NO_COMMON_BLOCKS = YES;
				GCC_WARN_64_TO_32_BIT_CONVERSION = YES;
				GCC_WARN_ABOUT_RETURN_TYPE = YES_ERROR;
				GCC_WARN_UNDECLARED_SELECTOR = YES;
				GCC_WARN_UNINITIALIZED_AUTOS = YES_AGGRESSIVE;
				GCC_WARN_UNUSED_FUNCTION = YES;
				GCC_WARN_UNUSED_VARIABLE = YES;
				IPHONEOS_DEPLOYMENT_TARGET = 12.1;
				MTL_ENABLE_DEBUG_INFO = NO;
				MTL_FAST_MATH = YES;
				SDKROOT = iphoneos;
				SWIFT_COMPILATION_MODE = wholemodule;
				SWIFT_OPTIMIZATION_LEVEL = "-O";
				VALIDATE_PRODUCT = YES;
			};
			name = Release;
		};
		2A2D5816225B9AFF00809B50 /* Debug */ = {
			isa = XCBuildConfiguration;
			baseConfigurationReference = AAD68151796D3EEEC1087860 /* Pods-Introduction to Native iOS Development.debug.xcconfig */;
			buildSettings = {
				ASSETCATALOG_COMPILER_APPICON_NAME = AppIcon;
				CODE_SIGN_STYLE = Automatic;
				DEVELOPMENT_TEAM = Q4SY8DMFN5;
				INFOPLIST_FILE = "Introduction to Native iOS Development/Info.plist";
				LD_RUNPATH_SEARCH_PATHS = (
					"$(inherited)",
					"@executable_path/Frameworks",
				);
				PRODUCT_BUNDLE_IDENTIFIER = "Sandro-Machado.Introduction-to-Native-iOS-Development";
				PRODUCT_NAME = "$(TARGET_NAME)";
				SWIFT_VERSION = 4.2;
				TARGETED_DEVICE_FAMILY = "1,2";
			};
			name = Debug;
		};
		2A2D5817225B9AFF00809B50 /* Release */ = {
			isa = XCBuildConfiguration;
			baseConfigurationReference = 6FD83095CD82D3D9ED4A4605 /* Pods-Introduction to Native iOS Development.release.xcconfig */;
			buildSettings = {
				ASSETCATALOG_COMPILER_APPICON_NAME = AppIcon;
				CODE_SIGN_STYLE = Automatic;
				DEVELOPMENT_TEAM = Q4SY8DMFN5;
				INFOPLIST_FILE = "Introduction to Native iOS Development/Info.plist";
				LD_RUNPATH_SEARCH_PATHS = (
					"$(inherited)",
					"@executable_path/Frameworks",
				);
				PRODUCT_BUNDLE_IDENTIFIER = "Sandro-Machado.Introduction-to-Native-iOS-Development";
				PRODUCT_NAME = "$(TARGET_NAME)";
				SWIFT_VERSION = 4.2;
				TARGETED_DEVICE_FAMILY = "1,2";
			};
			name = Release;
		};
/* End XCBuildConfiguration section */

/* Begin XCConfigurationList section */
		2A2D57FE225B9AFD00809B50 /* Build configuration list for PBXProject "Introduction to Native iOS Development" */ = {
			isa = XCConfigurationList;
			buildConfigurations = (
				2A2D5813225B9AFF00809B50 /* Debug */,
				2A2D5814225B9AFF00809B50 /* Release */,
			);
			defaultConfigurationIsVisible = 0;
			defaultConfigurationName = Release;
		};
		2A2D5815225B9AFF00809B50 /* Build configuration list for PBXNativeTarget "Introduction to Native iOS Development" */ = {
			isa = XCConfigurationList;
			buildConfigurations = (
				2A2D5816225B9AFF00809B50 /* Debug */,
				2A2D5817225B9AFF00809B50 /* Release */,
			);
			defaultConfigurationIsVisible = 0;
			defaultConfigurationName = Release;
		};
/* End XCConfigurationList section */
	};
	rootObject = 2A2D57FB225B9AFD00809B50 /* Project object */;
}
